[blob-store]
url = "https://github.com/WebAssembly/wasi-blob-store/archive/main.tar.gz"
sha256 = "79c50e3d9dfb2961021ef8eaf160e2b39169648b9c0ccab66e62fe8241f40a11"
sha512 = "a7e7ac5e71d770065e98088139194899942f240ad8c566ae36646ec5b7158ac3dbf5bf829ba6b115784a2d3a60b352cb9d183ca75f504b3912ba93c7b1d76c61"

[cli]
sha256 = "6894203a2ac50a68f6b91f2174826c2987cc0efc94ad1f8f14f8460e262fc103"
sha512 = "349776db1b1455e176ca61a1a8ec653f77b888d291e948feded3b6b46350c65973e9e75cc0bf8649256654001af2408eacc585c31454008c86ff53b301da5c32"

[clocks]
sha256 = "89da8eca4cd195516574c89c5b3c24a7b5af3ff2565c16753d20d3bdbc5fc60f"
sha512 = "244079b3f592d58478a97adbd0bee8d49ae9dd1a3e435651ee40997b50da9fe62cfaba7e3ec7f7406d7d0288d278a43a3a0bc5150226ba40ce0f8ac6d33f7ddb"

[filesystem]
sha256 = "05952bbc98895aa3aeda6c765a3e521016de59f993f3b60394c724640935c09c"
sha512 = "2c242489801a75466986fe014d730fb3aa7b5c6e56a230c8735e6672711b58bcbe92ba78a341b78fc3ac69339e55d3859d8bb14410230f0371ee30dbd83add64"

[http]
url = "https://github.com/WebAssembly/wasi-http/archive/main.tar.gz"
sha256 = "a23ccbc045dc53a7ffdddba0a708eb71df77b93d637fc41fe842d41031ff2ace"
sha512 = "077f4ba1b848c3273ca2cc4f15fd6a298f5896b150c0d89279fe4f56313cddc3af23b31dab457e6e302350083582a2e3042f09ddbdbfd7284845b111f6786982"
deps = ["cli", "clocks", "filesystem", "random", "sockets"]

[io]
url = "https://github.com/WebAssembly/wasi-io/archive/main.tar.gz"
sha256 = "7a3c644dfd434f77fdf3f3d3b3caaca9538a0ade785167a3cce0321609f9d4e1"
sha512 = "2888f12b91359d630b4270f60e3c78855d9b305274ebf8a5decaef8698a74cc85c426823dc708b393f461b85ad991711d7400c2b2a24795001db5aee3ae19c70"

[keyvalue]
url = "https://github.com/WebAssembly/wasi-keyvalue/archive/main.tar.gz"
sha256 = "b698529846c954e7d5268cd8928cd2c151441ffb4a37eb3be86cb02a001892bb"
sha512 = "6290409bb2fc3fdd500103d9609516c50c2d9bba8d7fc4386d79ddd5dbf93d1caef5e5d86fb8bc0aa424a968741f62c4ec869ff3fe310cf7a0927441abd22330"

[messaging]
url = "https://github.com/WebAssembly/wasi-messaging/archive/main.tar.gz"
sha256 = "9199a6ddb1260f957950a0e8bb56fd972231ac794f0f91d57ffcf117b5819cb2"
sha512 = "c5be0676c513b4b7e637554cb23fa501bbc3f923ed61aa2c27624305b9a457b90050ce70f0298b1f505697953ec48f2f3e690ffc8aae4cbc1ddcc0cda06edff5"

[random]
sha256 = "11afcbff9920f5f1f72b6764d01e59a5faa2c671f0c59f0c9b405778f3708745"
sha512 = "cc4fa3d178559a89d9d6a376e3359b892158d1e73317c5db1f797ebc6b0b57abf2422797648d5b2b494c50cf9360720bc451cc27e15def7d278ba875805ccbf5"

[runtime-config]
url = "https://github.com/WebAssembly/wasi-runtime-config/archive/main.tar.gz"
sha256 = "b9af3495a52a13274f486c978abb712ecc15736b7d8f7cc8dc4241b629d8fe6c"
sha512 = "1addf3e11969effd833fddc5f904c9785a2de676fb2c85a2d47a1239c0ef9a366f17a8478062d63a04f7fc27939118cc1aed13dfd8e471cb3a80f1b0f3396afb"

[sockets]
sha256 = "b5c2e9cc87cefbaef06bbe9978f9bc336da9feee2d51747bc28e10164fc46c39"
sha512 = "3aea6fe0c768b27d5c5cb3adab5e60dc936198f8b677c2cf6c4d57a0460db87eb779e0b577f1240fb2a6bf3ade49919fbffe39b0137bce3242343e6091cc7510"

[sql]
url = "https://github.com/WebAssembly/wasi-sql/archive/main.tar.gz"
sha256 = "d4a0e9c12e668699775d44ef883dc52540f4d7915a653b3389d8e3859487b1f0"
sha512 = "284926b4fbc31bb9d1218f630af54482e0c0108ae6f76ec2dbd6e7f3b6c5ead577384503b79b7da6f8a37e44c9c601231cb2527377b0ce5cb3bafee89dc9375e"
